<?xml version="1.0" encoding="utf-8"?>
<Project ToolsVersion="4.0" xmlns="http://schemas.microsoft.com/developer/msbuild/2003">
  <ItemGroup>
    <Filter Include="Source Files">
      <UniqueIdentifier>{4FC737F1-C7A5-4376-A066-2A32D752A2FF}</UniqueIdentifier>
      <Extensions>cpp;c;cc;cxx;def;odl;idl;hpj;bat;asm;asmx</Extensions>
    </Filter>
    <Filter Include="Header Files">
      <UniqueIdentifier>{93995380-89BD-4b04-88EB-625FBE52EBFB}</UniqueIdentifier>
      <Extensions>h;hh;hpp;hxx;hm;inl;inc;xsd</Extensions>
    </Filter>
    <Filter Include="Resource Files">
      <UniqueIdentifier>{67DA6AB6-F800-4c08-8B7A-83BB121AAD01}</UniqueIdentifier>
      <Extensions>rc;ico;cur;bmp;dlg;rc2;rct;bin;rgs;gif;jpg;jpeg;jpe;resx;tiff;tif;png;wav;mfcribbon-ms</Extensions>
    </Filter>
  </ItemGroup>
  <ItemGroup>
    <ClInclude Include="Supermercado.h">
      <Filter>Header Files</Filter>
    </ClInclude>
    <ClInclude Include="Tempo.h">
      <Filter>Header Files</Filter>
    </ClInclude>
    <ClInclude Include="produto.h">
      <Filter>Header Files</Filter>
    </ClInclude>
    <ClInclude Include="carteira.h">
      <Filter>Header Files</Filter>
    </ClInclude>
    <ClInclude Include="relogio.h">
      <Filter>Header Files</Filter>
    </ClInclude>
    <ClInclude Include="clente.h">
      <Filter>Header Files</Filter>
    </ClInclude>
    <ClInclude Include="clienteEstr.h">
      <Filter>Header Files</Filter>
    </ClInclude>
    <ClInclude Include="ClienteOp.h">
      <Filter>Header Files</Filter>
    </ClInclude>
    <ClInclude Include="Carrinho.h">
      <Filter>Header Files</Filter>
    </ClInclude>
    <ClInclude Include="Caixa.h">
      <Filter>Header Files</Filter>
    </ClInclude>
    <ClInclude Include="Clients.h">
      <Filter>Header Files</Filter>
    </ClInclude>
    <ClInclude Include="ElementoFila.h">
      <Filter>Header Files</Filter>
    </ClInclude>
    <ClInclude Include="Fila.h">
      <Filter>Header Files</Filter>
    </ClInclude>
    <ClInclude Include="..\..\..\..\..\git\ED\Supermercado\src\Exceptions\DadoNaoEncontradoException.h">
      <Filter>Header Files</Filter>
    </ClInclude>
    <ClInclude Include="..\..\..\..\..\git\ED\Supermercado\src\Exceptions\EstruturaCheia.h">
      <Filter>Header Files</Filter>
    </ClInclude>
    <ClInclude Include="..\..\..\..\..\git\ED\Supermercado\src\Exceptions\EstruturaVazia.h">
      <Filter>Header Files</Filter>
    </ClInclude>
    <ClInclude Include="..\..\..\..\..\git\ED\Supermercado\src\Exceptions\EstruturaVaziaException.h">
      <Filter>Header Files</Filter>
    </ClInclude>
    <ClInclude Include="..\..\..\..\..\git\ED\Supermercado\src\Exceptions\OutOfMemoryException.h">
      <Filter>Header Files</Filter>
    </ClInclude>
    <ClInclude Include="..\..\..\..\..\git\ED\Supermercado\src\Exceptions\PosicaoInvalida.h">
      <Filter>Header Files</Filter>
    </ClInclude>
    <ClInclude Include="..\..\..\..\..\git\ED\Supermercado\src\Exceptions\PosicaoInvalidaException.h">
      <Filter>Header Files</Filter>
    </ClInclude>
    <ClInclude Include="Leitor.h">
      <Filter>Header Files</Filter>
    </ClInclude>
  </ItemGroup>
  <ItemGroup>
    <ClCompile Include="Supermercado.cpp">
      <Filter>Source Files</Filter>
    </ClCompile>
    <ClCompile Include="produto.cpp">
      <Filter>Source Files</Filter>
    </ClCompile>
    <ClCompile Include="carteira.cpp">
      <Filter>Source Files</Filter>
    </ClCompile>
    <ClCompile Include="Source.cpp">
      <Filter>Source Files</Filter>
    </ClCompile>
    <ClCompile Include="relogio.cpp">
      <Filter>Source Files</Filter>
    </ClCompile>
    <ClCompile Include="Tempo.cpp">
      <Filter>Source Files</Filter>
    </ClCompile>
    <ClCompile Include="clente.cpp">
      <Filter>Source Files</Filter>
    </ClCompile>
    <ClCompile Include="clienteEstr.cpp">
      <Filter>Source Files</Filter>
    </ClCompile>
    <ClCompile Include="ClienteOp.cpp">
      <Filter>Source Files</Filter>
    </ClCompile>
    <ClCompile Include="Carrinho.cpp">
      <Filter>Source Files</Filter>
    </ClCompile>
    <ClCompile Include="Caixa.cpp">
      <Filter>Source Files</Filter>
    </ClCompile>
    <ClCompile Include="Leitor.cpp">
      <Filter>Source Files</Filter>
    </ClCompile>
  </ItemGroup>
</Project>